// !$*UTF8*$!
{
	archiveVersion = 1;
	classes = {
	};
	objectVersion = 55;
	objects = {

/* Begin PBXBuildFile section */
		FED89AD827744EB7007A0296 /* AppDelegate.m in Sources */ = {isa = PBXBuildFile; fileRef = FED89AD727744EB7007A0296 /* AppDelegate.m */; };
		FED89ADE27744EB7007A0296 /* ViewController.m in Sources */ = {isa = PBXBuildFile; fileRef = FED89ADD27744EB7007A0296 /* ViewController.m */; };
		FED89AE127744EB7007A0296 /* Main.storyboard in Resources */ = {isa = PBXBuildFile; fileRef = FED89ADF27744EB7007A0296 /* Main.storyboard */; };
		FED89AE327744EBC007A0296 /* Assets.xcassets in Resources */ = {isa = PBXBuildFile; fileRef = FED89AE227744EBC007A0296 /* Assets.xcassets */; };
		FED89AE627744EBC007A0296 /* LaunchScreen.storyboard in Resources */ = {isa = PBXBuildFile; fileRef = FED89AE427744EBC007A0296 /* LaunchScreen.storyboard */; };
		FED89AE927744EBC007A0296 /* main.m in Sources */ = {isa = PBXBuildFile; fileRef = FED89AE827744EBC007A0296 /* main.m */; };
		FED89AF227745CA6007A0296 /* FTFProgressHUD.m in Sources */ = {isa = PBXBuildFile; fileRef = FED89AF127745CA6007A0296 /* FTFProgressHUD.m */; };
/* End PBXBuildFile section */

/* Begin PBXFileReference section */
		FED89AD327744EB7007A0296 /* FTFProgressHUD.app */ = {isa = PBXFileReference; explicitFileType = wrapper.application; includeInIndex = 0; path = FTFProgressHUD.app; sourceTree = BUILT_PRODUCTS_DIR; };
		FED89AD627744EB7007A0296 /* AppDelegate.h */ = {isa = PBXFileReference; lastKnownFileType = sourcecode.c.h; path = AppDelegate.h; sourceTree = "<group>"; };
		FED89AD727744EB7007A0296 /* AppDelegate.m */ = {isa = PBXFileReference; lastKnownFileType = sourcecode.c.objc; path = AppDelegate.m; sourceTree = "<group>"; };
		FED89ADC27744EB7007A0296 /* ViewController.h */ = {isa = PBXFileReference; lastKnownFileType = sourcecode.c.h; path = ViewController.h; sourceTree = "<group>"; };
		FED89ADD27744EB7007A0296 /* ViewController.m */ = {isa = PBXFileReference; lastKnownFileType = sourcecode.c.objc; path = ViewController.m; sourceTree = "<group>"; };
		FED89AE027744EB7007A0296 /* Base */ = {isa = PBXFileReference; lastKnownFileType = file.storyboard; name = Base; path = Base.lproj/Main.storyboard; sourceTree = "<group>"; };
		FED89AE227744EBC007A0296 /* Assets.xcassets */ = {isa = PBXFileReference; lastKnownFileType = folder.assetcatalog; path = Assets.xcassets; sourceTree = "<group>"; };
		FED89AE527744EBC007A0296 /* Base */ = {isa = PBXFileReference; lastKnownFileType = file.storyboard; name = Base; path = Base.lproj/LaunchScreen.storyboard; sourceTree = "<group>"; };
		FED89AE727744EBC007A0296 /* Info.plist */ = {isa = PBXFileReference; lastKnownFileType = text.plist.xml; path = Info.plist; sourceTree = "<group>"; };
		FED89AE827744EBC007A0296 /* main.m */ = {isa = PBXFileReference; lastKnownFileType = sourcecode.c.objc; path = main.m; sourceTree = "<group>"; };
		FED89AF027745CA6007A0296 /* FTFProgressHUD.h */ = {isa = PBXFileReference; lastKnownFileType = sourcecode.c.h; path = FTFProgressHUD.h; sourceTree = "<group>"; };
		FED89AF127745CA6007A0296 /* FTFProgressHUD.m */ = {isa = PBXFileReference; lastKnownFileType = sourcecode.c.objc; path = FTFProgressHUD.m; sourceTree = "<group>"; };
/* End PBXFileReference section */

/* Begin PBXFrameworksBuildPhase section */
		FED89AD027744EB7007A0296 /* Frameworks */ = {
			isa = PBXFrameworksBuildPhase;
			buildActionMask = 2147483647;
			files = (
			);
			runOnlyForDeploymentPostprocessing = 0;
		};
/* End PBXFrameworksBuildPhase section */

/* Begin PBXGroup section */
		FED89ACA27744EB7007A0296 = {
			isa = PBXGroup;
			children = (
				FED89AD527744EB7007A0296 /* FTFProgressHUD */,
				FED89AD427744EB7007A0296 /* Products */,
			);
			sourceTree = "<group>";
		};
		FED89AD427744EB7007A0296 /* Products */ = {
			isa = PBXGroup;
			children = (
				FED89AD327744EB7007A0296 /* FTFProgressHUD.app */,
			);
			name = Products;
			sourceTree = "<group>";
		};
		FED89AD527744EB7007A0296 /* FTFProgressHUD */ = {
			isa = PBXGroup;
			children = (
				FED89AEF27745BE5007A0296 /* FTFProgressHUD */,
				FED89AD627744EB7007A0296 /* AppDelegate.h */,
				FED89AD727744EB7007A0296 /* AppDelegate.m */,
				FED89ADC27744EB7007A0296 /* ViewController.h */,
				FED89ADD27744EB7007A0296 /* ViewController.m */,
				FED89ADF27744EB7007A0296 /* Main.storyboard */,
				FED89AE227744EBC007A0296 /* Assets.xcassets */,
				FED89AE427744EBC007A0296 /* LaunchScreen.storyboard */,
				FED89AE727744EBC007A0296 /* Info.plist */,
				FED89AE827744EBC007A0296 /* main.m */,
			);
			path = FTFProgressHUD;
			sourceTree = "<group>";
		};
		FED89AEF27745BE5007A0296 /* FTFProgressHUD */ = {
			isa = PBXGroup;
			children = (
				FED89AF027745CA6007A0296 /* FTFProgressHUD.h */,
				FED89AF127745CA6007A0296 /* FTFProgressHUD.m */,
			);
			path = FTFProgressHUD;
			sourceTree = "<group>";
		};
/* End PBXGroup section */

/* Begin PBXNativeTarget section */
		FED89AD227744EB7007A0296 /* FTFProgressHUD */ = {
			isa = PBXNativeTarget;
			buildConfigurationList = FED89AEC27744EBC007A0296 /* Build configuration list for PBXNativeTarget "FTFProgressHUD" */;
			buildPhases = (
				FED89ACF27744EB7007A0296 /* Sources */,
				FED89AD027744EB7007A0296 /* Frameworks */,
				FED89AD127744EB7007A0296 /* Resources */,
			);
			buildRules = (
			);
			dependencies = (
			);
			name = FTFProgressHUD;
			productName = FTFProgressHUD;
			productReference = FED89AD327744EB7007A0296 /* FTFProgressHUD.app */;
			productType = "com.apple.product-type.application";
		};
/* End PBXNativeTarget section */

/* Begin PBXProject section */
		FED89ACB27744EB7007A0296 /* Project object */ = {
			isa = PBXProject;
			attributes = {
				BuildIndependentTargetsInParallel = 1;
				LastUpgradeCheck = 1320;
				TargetAttributes = {
					FED89AD227744EB7007A0296 = {
						CreatedOnToolsVersion = 13.2.1;
					};
				};
			};
			buildConfigurationList = FED89ACE27744EB7007A0296 /* Build configuration list for PBXProject "FTFProgressHUD" */;
			compatibilityVersion = "Xcode 13.0";
			developmentRegion = en;
			hasScannedForEncodings = 0;
			knownRegions = (
				en,
				Base,
			);
			mainGroup = FED89ACA27744EB7007A0296;
			productRefGroup = FED89ACA27744EB7007A0296;
			projectDirPath = "";
			projectRoot = "";
			targets = (
				FED89AD227744EB7007A0296 /* FTFProgressHUD */,
			);
		};
/* End PBXProject section */

/* Begin PBXResourcesBuildPhase section */
		FED89AD127744EB7007A0296 /* Resources */ = {
			isa = PBXResourcesBuildPhase;
			buildActionMask = 2147483647;
			files = (
				FED89AE627744EBC007A0296 /* LaunchScreen.storyboard in Resources */,
				FED89AE327744EBC007A0296 /* Assets.xcassets in Resources */,
				FED89AE127744EB7007A0296 /* Main.storyboard in Resources */,
			);
			runOnlyForDeploymentPostprocessing = 0;
		};
/* End PBXResourcesBuildPhase section */

/* Begin PBXSourcesBuildPhase section */
		FED89ACF27744EB7007A0296 /* Sources */ = {
			isa = PBXSourcesBuildPhase;
			buildActionMask = 2147483647;
			files = (
				FED89ADE27744EB7007A0296 /* ViewController.m in Sources */,
				FED89AF227745CA6007A0296 /* FTFProgressHUD.m in Sources */,
				FED89AD827744EB7007A0296 /* AppDelegate.m in Sources */,
				FED89AE927744EBC007A0296 /* main.m in Sources */,
			);
			runOnlyForDeploymentPostprocessing = 0;
		};
/* End PBXSourcesBuildPhase section */

/* Begin PBXVariantGroup section */
		FED89ADF27744EB7007A0296 /* Main.storyboard */ = {
			isa = PBXVariantGroup;
			children = (
				FED89AE027744EB7007A0296 /* Base */,
			);
			name = Main.storyboard;
			sourceTree = "<group>";
		};
		FED89AE427744EBC007A0296 /* LaunchScreen.storyboard */ = {
			isa = PBXVariantGroup;
			children = (
				FED89AE527744EBC007A0296 /* Base */,
			);
			name = LaunchScreen.storyboard;
			sourceTree = "<group>";
		};
/* End PBXVariantGroup section */

/* Begin XCBuildConfiguration section */
		FED89AEA27744EBC007A0296 /* Debug */ = {
			isa = XCBuildConfiguration;
			buildSettings = {
				ALWAYS_SEARCH_USER_PATHS = NO;
				CLANG_ANALYZER_NONNULL = YES;
				CLANG_ANALYZER_NUMBER_OBJECT_CONVERSION = YES_AGGRESSIVE;
				CLANG_CXX_LANGUAGE_STANDARD = "gnu++17";
				CLANG_CXX_LIBRARY = "libc++";
				CLANG_ENABLE_MODULES = YES;
				CLANG_ENABLE_OBJC_ARC = YES;
				CLANG_ENABLE_OBJC_WEAK = YES;
				CLANG_WARN_BLOCK_CAPTURE_AUTORELEASING = YES;
				CLANG_WARN_BOOL_CONVERSION = YES;
				CLANG_WARN_COMMA = YES;
				CLANG_WARN_CONSTANT_CONVERSION = YES;
				CLANG_WARN_DEPRECATED_OBJC_IMPLEMENTATIONS = YES;
				CLANG_WARN_DIRECT_OBJC_ISA_USAGE = YES_ERROR;
				CLANG_WARN_DOCUMENTATION_COMMENTS = YES;
				CLANG_WARN_EMPTY_BODY = YES;
				CLANG_WARN_ENUM_CONVERSION = YES;
				CLANG_WARN_INFINITE_RECURSION = YES;
				CLANG_WARN_INT_CONVERSION = YES;
				CLANG_WARN_NON_LITERAL_NULL_CONVERSION = YES;
				CLANG_WARN_OBJC_IMPLICIT_RETAIN_SELF = YES;
				CLANG_WARN_OBJC_LITERAL_CONVERSION = YES;
				CLANG_WARN_OBJC_ROOT_CLASS = YES_ERROR;
				CLANG_WARN_QUOTED_INCLUDE_IN_FRAMEWORK_HEADER = YES;
				CLANG_WARN_RANGE_LOOP_ANALYSIS = YES;
				CLANG_WARN_STRICT_PROTOTYPES = YES;
				CLANG_WARN_SUSPICIOUS_MOVE = YES;
				CLANG_WARN_UNGUARDED_AVAILABILITY = YES_AGGRESSIVE;
				CLANG_WARN_UNREACHABLE_CODE = YES;
				CLANG_WARN__DUPLICATE_METHOD_MATCH = YES;
				COPY_PHASE_STRIP = NO;
				DEBUG_INFORMATION_FORMAT = dwarf;
				ENABLE_STRICT_OBJC_MSGSEND = YES;
				ENABLE_TESTABILITY = YES;
				GCC_C_LANGUAGE_STANDARD = gnu11;
				GCC_DYNAMIC_NO_PIC = NO;
				GCC_NO_COMMON_BLOCKS = YES;
				GCC_OPTIMIZATION_LEVEL = 0;
				GCC_PREPROCESSOR_DEFINITIONS = (
					"DEBUG=1",
					"$(inherited)",
				);
				GCC_WARN_64_TO_32_BIT_CONVERSION = YES;
				GCC_WARN_ABOUT_RETURN_TYPE = YES_ERROR;
				GCC_WARN_UNDECLARED_SELECTOR = YES;
				GCC_WARN_UNINITIALIZED_AUTOS = YES_AGGRESSIVE;
				GCC_WARN_UNUSED_FUNCTION = YES;
				GCC_WARN_UNUSED_VARIABLE = YES;
				IPHONEOS_DEPLOYMENT_TARGET = 15.2;
				MTL_ENABLE_DEBUG_INFO = INCLUDE_SOURCE;
				MTL_FAST_MATH = YES;
				ONLY_ACTIVE_ARCH = YES;
				SDKROOT = iphoneos;
			};
			name = Debug;
		};
		FED89AEB27744EBC007A0296 /* Release */ = {
			isa = XCBuildConfiguration;
			buildSettings = {
				ALWAYS_SEARCH_USER_PATHS = NO;
				CLANG_ANALYZER_NONNULL = YES;
				CLANG_ANALYZER_NUMBER_OBJECT_CONVERSION = YES_AGGRESSIVE;
				CLANG_CXX_LANGUAGE_STANDARD = "gnu++17";
				CLANG_CXX_LIBRARY = "libc++";
				CLANG_ENABLE_MODULES = YES;
				CLANG_ENABLE_OBJC_ARC = YES;
				CLANG_ENABLE_OBJC_WEAK = YES;
				CLANG_WARN_BLOCK_CAPTURE_AUTORELEASING = YES;
				CLANG_WARN_BOOL_CONVERSION = YES;
				CLANG_WARN_COMMA = YES;
				CLANG_WARN_CONSTANT_CONVERSION = YES;
				CLANG_WARN_DEPRECATED_OBJC_IMPLEMENTATIONS = YES;
				CLANG_WARN_DIRECT_OBJC_ISA_USAGE = YES_ERROR;
				CLANG_WARN_DOCUMENTATION_COMMENTS = YES;
				CLANG_WARN_EMPTY_BODY = YES;
				CLANG_WARN_ENUM_CONVERSION = YES;
				CLANG_WARN_INFINITE_RECURSION = YES;
				CLANG_WARN_INT_CONVERSION = YES;
				CLANG_WARN_NON_LITERAL_NULL_CONVERSION = YES;
				CLANG_WARN_OBJC_IMPLICIT_RETAIN_SELF = YES;
				CLANG_WARN_OBJC_LITERAL_CONVERSION = YES;
				CLANG_WARN_OBJC_ROOT_CLASS = YES_ERROR;
				CLANG_WARN_QUOTED_INCLUDE_IN_FRAMEWORK_HEADER = YES;
				CLANG_WARN_RANGE_LOOP_ANALYSIS = YES;
				CLANG_WARN_STRICT_PROTOTYPES = YES;
				CLANG_WARN_SUSPICIOUS_MOVE = YES;
				CLANG_WARN_UNGUARDED_AVAILABILITY = YES_AGGRESSIVE;
				CLANG_WARN_UNREACHABLE_CODE = YES;
				CLANG_WARN__DUPLICATE_METHOD_MATCH = YES;
				COPY_PHASE_STRIP = NO;
				DEBUG_INFORMATION_FORMAT = "dwarf-with-dsym";
				ENABLE_NS_ASSERTIONS = NO;
				ENABLE_STRICT_OBJC_MSGSEND = YES;
				GCC_C_LANGUAGE_STANDARD = gnu11;
				GCC_NO_COMMON_BLOCKS = YES;
				GCC_WARN_64_TO_32_BIT_CONVERSION = YES;
				GCC_WARN_ABOUT_RETURN_TYPE = YES_ERROR;
				GCC_WARN_UNDECLARED_SELECTOR = YES;
				GCC_WARN_UNINITIALIZED_AUTOS = YES_AGGRESSIVE;
				GCC_WARN_UNUSED_FUNCTION = YES;
				GCC_WARN_UNUSED_VARIABLE = YES;
				IPHONEOS_DEPLOYMENT_TARGET = 15.2;
				MTL_ENABLE_DEBUG_INFO = NO;
				MTL_FAST_MATH = YES;
				SDKROOT = iphoneos;
				VALIDATE_PRODUCT = YES;
			};
			name = Release;
		};
		FED89AED27744EBC007A0296 /* Debug */ = {
			isa = XCBuildConfiguration;
			buildSettings = {
				ASSETCATALOG_COMPILER_APPICON_NAME = AppIcon;
				ASSETCATALOG_COMPILER_GLOBAL_ACCENT_COLOR_NAME = AccentColor;
				CLANG_ANALYZER_OBJC_SELF_INIT = YES;
				CLANG_WARN_OBJC_IMPLICIT_RETAIN_SELF = NO;
				CODE_SIGN_STYLE = Automatic;
				CURRENT_PROJECT_VERSION = 1;
				DEVELOPMENT_TEAM = G6WJ4DK4A4;
				GENERATE_INFOPLIST_FILE = YES;
				INFOPLIST_FILE = FTFProgressHUD/Info.plist;
				INFOPLIST_KEY_CFBundleDisplayName = HUD;
				INFOPLIST_KEY_UIApplicationSupportsIndirectInputEvents = YES;
				INFOPLIST_KEY_UILaunchStoryboardName = LaunchScreen;
				INFOPLIST_KEY_UIMainStoryboardFile = Main;
				INFOPLIST_KEY_UISupportedInterfaceOrientations = "UIInterfaceOrientationLandscapeLeft UIInterfaceOrientationLandscapeRight UIInterfaceOrientationPortrait";
				INFOPLIST_KEY_UISupportedInterfaceOrientations_iPad = "UIInterfaceOrientationPortrait UIInterfaceOrientationPortraitUpsideDown UIInterfaceOrientationLandscapeLeft UIInterfaceOrientationLandscapeRight";
				INFOPLIST_KEY_UISupportedInterfaceOrientations_iPhone = "UIInterfaceOrientationPortrait UIInterfaceOrientationLandscapeLeft UIInterfaceOrientationLandscapeRight";
				IPHONEOS_DEPLOYMENT_TARGET = 11.0;
				LD_RUNPATH_SEARCH_PATHS = (
					"$(inherited)",
					"@executable_path/Frameworks",
				);
				MARKETING_VERSION = 1.0;
				PRODUCT_BUNDLE_IDENTIFIER = com.yunzhu.FTFProgressHUD;
				PRODUCT_NAME = "$(TARGET_NAME)";
				SWIFT_EMIT_LOC_STRINGS = YES;
				TARGETED_DEVICE_FAMILY = "1,2";
			};
			name = Debug;
		};
		FED89AEE27744EBC007A0296 /* Release */ = {
			isa = XCBuildConfiguration;
			buildSettings = {
				ASSETCATALOG_COMPILER_APPICON_NAME = AppIcon;
				ASSETCATALOG_COMPILER_GLOBAL_ACCENT_COLOR_NAME = AccentColor;
				CLANG_ANALYZER_OBJC_SELF_INIT = YES;
				CLANG_WARN_OBJC_IMPLICIT_RETAIN_SELF = NO;
				CODE_SIGN_STYLE = Automatic;
				CURRENT_PROJECT_VERSION = 1;
				DEVELOPMENT_TEAM = G6WJ4DK4A4;
				GENERATE_INFOPLIST_FILE = YES;
				INFOPLIST_FILE = FTFProgressHUD/Info.plist;
				INFOPLIST_KEY_CFBundleDisplayName = HUD;
				INFOPLIST_KEY_UIApplicationSupportsIndirectInputEvents = YES;
				INFOPLIST_KEY_UILaunchStoryboardName = LaunchScreen;
				INFOPLIST_KEY_UIMainStoryboardFile = Main;
				INFOPLIST_KEY_UISupportedInterfaceOrientations = "UIInterfaceOrientationLandscapeLeft UIInterfaceOrientationLandscapeRight UIInterfaceOrientationPortrait";
				INFOPLIST_KEY_UISupportedInterfaceOrientations_iPad = "UIInterfaceOrientationPortrait UIInterfaceOrientationPortraitUpsideDown UIInterfaceOrientationLandscapeLeft UIInterfaceOrientationLandscapeRight";
				INFOPLIST_KEY_UISupportedInterfaceOrientations_iPhone = "UIInterfaceOrientationPortrait UIInterfaceOrientationLandscapeLeft UIInterfaceOrientationLandscapeRight";
				IPHONEOS_DEPLOYMENT_TARGET = 11.0;
				LD_RUNPATH_SEARCH_PATHS = (
					"$(inherited)",
					"@executable_path/Frameworks",
				);
				MARKETING_VERSION = 1.0;
				PRODUCT_BUNDLE_IDENTIFIER = com.yunzhu.FTFProgressHUD;
				PRODUCT_NAME = "$(TARGET_NAME)";
				SWIFT_EMIT_LOC_STRINGS = YES;
				TARGETED_DEVICE_FAMILY = "1,2";
			};
			name = Release;
		};
/* End XCBuildConfiguration section */

/* Begin XCConfigurationList section */
		FED89ACE27744EB7007A0296 /* Build configuration list for PBXProject "FTFProgressHUD" */ = {
			isa = XCConfigurationList;
			buildConfigurations = (
				FED89AEA27744EBC007A0296 /* Debug */,
				FED89AEB27744EBC007A0296 /* Release */,
			);
			defaultConfigurationIsVisible = 0;
			defaultConfigurationName = Release;
		};
		FED89AEC27744EBC007A0296 /* Build configuration list for PBXNativeTarget "FTFProgressHUD" */ = {
			isa = XCConfigurationList;
			buildConfigurations = (
				FED89AED27744EBC007A0296 /* Debug */,
				FED89AEE27744EBC007A0296 /* Release */,
			);
			defaultConfigurationIsVisible = 0;
			defaultConfigurationName = Release;
		};
/* End XCConfigurationList section */
	};
	rootObject = FED89ACB27744EB7007A0296 /* Project object */;
}
